
Microsoft Visual Studio Solution File, Format Version 12.00
# Visual Studio Version 17
VisualStudioVersion = 17.11.35327.3
MinimumVisualStudioVersion = 10.0.40219.1
Project("{FAE04EC0-301F-11D3-BF4B-00C04F79EFBC}") = "AjaxGPUProjekt", "AjaxGPUProjekt\AjaxGPUProjekt.csproj", "{5CD8C8ED-FAA8-4460-A84C-D6D68C1082C9}"
EndProject
Global
	GlobalSection(SolutionConfigurationPlatforms) = preSolution
		Debug|Any CPU = Debug|Any CPU
		Release|Any CPU = Release|Any CPU
	EndGlobalSection
	GlobalSection(ProjectConfigurationPlatforms) = postSolution
		{5CD8C8ED-FAA8-4460-A84C-D6D68C1082C9}.Debug|Any CPU.ActiveCfg = Debug|Any CPU
		{5CD8C8ED-FAA8-4460-A84C-D6D68C1082C9}.Debug|Any CPU.Build.0 = Debug|Any CPU
		{5CD8C8ED-FAA8-4460-A84C-D6D68C1082C9}.Release|Any CPU.ActiveCfg = Release|Any CPU
		{5CD8C8ED-FAA8-4460-A84C-D6D68C1082C9}.Release|Any CPU.Build.0 = Release|Any CPU
	EndGlobalSection
	GlobalSection(SolutionProperties) = preSolution
		HideSolutionNode = FALSE
	EndGlobalSection
	GlobalSection(ExtensibilityGlobals) = postSolution
		SolutionGuid = {0E3CD39E-E130-4D1F-96C0-EDD4EC8D5CA4}
	EndGlobalSection
EndGlobal
